
Microsoft Visual Studio Solution File, Format Version 12.00
# Visual Studio Version 17
VisualStudioVersion = 17.1.31911.260
MinimumVisualStudioVersion = 10.0.40219.1
Project("{9A19103F-16F7-4668-BE54-9A1E7A4F7556}") = "RPCutover", "RPCutover\RPCutover.csproj", "{77D7C108-1E81-4423-8D9E-E0CE8D9AD306}"
EndProject
Project("{FAE04EC0-301F-11D3-BF4B-00C04F79EFBC}") = "RPCutover.Installer", "RPCutover.Installer\RPCutover.Installer.csproj", "{71EC37E4-F99C-4A67-AC37-0075DF9A7D08}"
EndProject
Global
	GlobalSection(SolutionConfigurationPlatforms) = preSolution
		Debug|Any CPU = Debug|Any CPU
		Release|Any CPU = Release|Any CPU
	EndGlobalSection
	GlobalSection(ProjectConfigurationPlatforms) = postSolution
		{77D7C108-1E81-4423-8D9E-E0CE8D9AD306}.Debug|Any CPU.ActiveCfg = Debug|Any CPU
		{77D7C108-1E81-4423-8D9E-E0CE8D9AD306}.Debug|Any CPU.Build.0 = Debug|Any CPU
		{77D7C108-1E81-4423-8D9E-E0CE8D9AD306}.Release|Any CPU.ActiveCfg = Release|Any CPU
		{77D7C108-1E81-4423-8D9E-E0CE8D9AD306}.Release|Any CPU.Build.0 = Release|Any CPU
		{71EC37E4-F99C-4A67-AC37-0075DF9A7D08}.Debug|Any CPU.ActiveCfg = Debug|Any CPU
		{71EC37E4-F99C-4A67-AC37-0075DF9A7D08}.Debug|Any CPU.Build.0 = Debug|Any CPU
		{71EC37E4-F99C-4A67-AC37-0075DF9A7D08}.Release|Any CPU.ActiveCfg = Release|Any CPU
		{71EC37E4-F99C-4A67-AC37-0075DF9A7D08}.Release|Any CPU.Build.0 = Release|Any CPU
	EndGlobalSection
	GlobalSection(SolutionProperties) = preSolution
		HideSolutionNode = FALSE
	EndGlobalSection
	GlobalSection(ExtensibilityGlobals) = postSolution
		SolutionGuid = {0EF11F26-EB2D-4A34-80E7-E9E0546AAA83}
	EndGlobalSection
EndGlobal
